{
  "name": "diudiu-example",
  "version": "1.0.0",
  "lockfileVersion": 2,
  "requires": true,
  "packages": {
    "": {
      "name": "diudiu-example",
      "version": "1.0.0",
      "license": "ISC",
      "devDependencies": {
        "diudiu-core": "file:../lib"
      }
    },
    "../lib": {
      "version": "1.0.0",
      "dev": true,
      "license": "ISC"
    },
    "node_modules/diudiu-core": {
      "resolved": "../lib",
      "link": true
    }
  },
  "dependencies": {
    "diudiu-core": {
      "version": "file:../lib"
    }
  }
}
